// !$*UTF8*$!
{
	archiveVersion = 1;
	classes = {
	};
	objectVersion = 46;
	objects = {

/* Begin PBXBuildFile section */
		4F0144F81E301F0800F35662 /* AppDelegate.swift in Sources */ = {isa = PBXBuildFile; fileRef = 4F0144F71E301F0800F35662 /* AppDelegate.swift */; };
		4F0144FA1E301F0800F35662 /* MessagesController.swift in Sources */ = {isa = PBXBuildFile; fileRef = 4F0144F91E301F0800F35662 /* MessagesController.swift */; };
		4F0144FD1E301F0800F35662 /* Main.storyboard in Resources */ = {isa = PBXBuildFile; fileRef = 4F0144FB1E301F0800F35662 /* Main.storyboard */; };
		4F0144FF1E301F0800F35662 /* Assets.xcassets in Resources */ = {isa = PBXBuildFile; fileRef = 4F0144FE1E301F0800F35662 /* Assets.xcassets */; };
		4F0145021E301F0800F35662 /* LaunchScreen.storyboard in Resources */ = {isa = PBXBuildFile; fileRef = 4F0145001E301F0800F35662 /* LaunchScreen.storyboard */; };
		4F01450B1E3021BF00F35662 /* LoginController.swift in Sources */ = {isa = PBXBuildFile; fileRef = 4F01450A1E3021BF00F35662 /* LoginController.swift */; };
		4F01450D1E304C8000F35662 /* GoogleService-Info.plist in Resources */ = {isa = PBXBuildFile; fileRef = 4F01450C1E304C8000F35662 /* GoogleService-Info.plist */; };
		4F01450F1E311F1C00F35662 /* NewMessageController.swift in Sources */ = {isa = PBXBuildFile; fileRef = 4F01450E1E311F1C00F35662 /* NewMessageController.swift */; };
		4F0145121E3122D100F35662 /* User.swift in Sources */ = {isa = PBXBuildFile; fileRef = 4F0145111E3122D100F35662 /* User.swift */; };
		4F0145151E313F2500F35662 /* LoginController+handlers.swift in Sources */ = {isa = PBXBuildFile; fileRef = 4F0145141E313F2500F35662 /* LoginController+handlers.swift */; };
		4F0145181E3166B300F35662 /* Extensions.swift in Sources */ = {isa = PBXBuildFile; fileRef = 4F0145171E3166B300F35662 /* Extensions.swift */; };
		4F1527631E3293EE005279E0 /* ChatLogController.swift in Sources */ = {isa = PBXBuildFile; fileRef = 4F1527621E3293EE005279E0 /* ChatLogController.swift */; };
		4F1527651E32CF14005279E0 /* Message.swift in Sources */ = {isa = PBXBuildFile; fileRef = 4F1527641E32CF14005279E0 /* Message.swift */; };
		4F1527681E32EBB7005279E0 /* UserCell.swift in Sources */ = {isa = PBXBuildFile; fileRef = 4F1527671E32EBB7005279E0 /* UserCell.swift */; };
		EB4E7A180D315EA6DA40F00C /* Pods_gameofchats.framework in Frameworks */ = {isa = PBXBuildFile; fileRef = 25272643C32CAFAA22F7EB0F /* Pods_gameofchats.framework */; };
/* End PBXBuildFile section */

/* Begin PBXFileReference section */
		25272643C32CAFAA22F7EB0F /* Pods_gameofchats.framework */ = {isa = PBXFileReference; explicitFileType = wrapper.framework; includeInIndex = 0; path = Pods_gameofchats.framework; sourceTree = BUILT_PRODUCTS_DIR; };
		4EE4B1BDE7F4342F7E6FA78A /* Pods-gameofchats.debug.xcconfig */ = {isa = PBXFileReference; includeInIndex = 1; lastKnownFileType = text.xcconfig; name = "Pods-gameofchats.debug.xcconfig"; path = "Pods/Target Support Files/Pods-gameofchats/Pods-gameofchats.debug.xcconfig"; sourceTree = "<group>"; };
		4F0144F41E301F0800F35662 /* gameofchats.app */ = {isa = PBXFileReference; explicitFileType = wrapper.application; includeInIndex = 0; path = gameofchats.app; sourceTree = BUILT_PRODUCTS_DIR; };
		4F0144F71E301F0800F35662 /* AppDelegate.swift */ = {isa = PBXFileReference; lastKnownFileType = sourcecode.swift; path = AppDelegate.swift; sourceTree = "<group>"; };
		4F0144F91E301F0800F35662 /* MessagesController.swift */ = {isa = PBXFileReference; lastKnownFileType = sourcecode.swift; path = MessagesController.swift; sourceTree = "<group>"; };
		4F0144FC1E301F0800F35662 /* Base */ = {isa = PBXFileReference; lastKnownFileType = file.storyboard; name = Base; path = Base.lproj/Main.storyboard; sourceTree = "<group>"; };
		4F0144FE1E301F0800F35662 /* Assets.xcassets */ = {isa = PBXFileReference; lastKnownFileType = folder.assetcatalog; path = Assets.xcassets; sourceTree = "<group>"; };
		4F0145011E301F0800F35662 /* Base */ = {isa = PBXFileReference; lastKnownFileType = file.storyboard; name = Base; path = Base.lproj/LaunchScreen.storyboard; sourceTree = "<group>"; };
		4F0145031E301F0800F35662 /* Info.plist */ = {isa = PBXFileReference; lastKnownFileType = text.plist.xml; path = Info.plist; sourceTree = "<group>"; };
		4F01450A1E3021BF00F35662 /* LoginController.swift */ = {isa = PBXFileReference; fileEncoding = 4; lastKnownFileType = sourcecode.swift; path = LoginController.swift; sourceTree = "<group>"; };
		4F01450C1E304C8000F35662 /* GoogleService-Info.plist */ = {isa = PBXFileReference; fileEncoding = 4; lastKnownFileType = text.plist.xml; path = "GoogleService-Info.plist"; sourceTree = "<group>"; };
		4F01450E1E311F1C00F35662 /* NewMessageController.swift */ = {isa = PBXFileReference; fileEncoding = 4; lastKnownFileType = sourcecode.swift; path = NewMessageController.swift; sourceTree = "<group>"; };
		4F0145111E3122D100F35662 /* User.swift */ = {isa = PBXFileReference; fileEncoding = 4; lastKnownFileType = sourcecode.swift; path = User.swift; sourceTree = "<group>"; };
		4F0145131E3124B300F35662 /* gameofchats.entitlements */ = {isa = PBXFileReference; lastKnownFileType = text.plist.entitlements; path = gameofchats.entitlements; sourceTree = "<group>"; };
		4F0145141E313F2500F35662 /* LoginController+handlers.swift */ = {isa = PBXFileReference; fileEncoding = 4; lastKnownFileType = sourcecode.swift; path = "LoginController+handlers.swift"; sourceTree = "<group>"; };
		4F0145171E3166B300F35662 /* Extensions.swift */ = {isa = PBXFileReference; fileEncoding = 4; lastKnownFileType = sourcecode.swift; path = Extensions.swift; sourceTree = "<group>"; };
		4F1527621E3293EE005279E0 /* ChatLogController.swift */ = {isa = PBXFileReference; fileEncoding = 4; lastKnownFileType = sourcecode.swift; path = ChatLogController.swift; sourceTree = "<group>"; };
		4F1527641E32CF14005279E0 /* Message.swift */ = {isa = PBXFileReference; fileEncoding = 4; lastKnownFileType = sourcecode.swift; path = Message.swift; sourceTree = "<group>"; };
		4F1527671E32EBB7005279E0 /* UserCell.swift */ = {isa = PBXFileReference; fileEncoding = 4; lastKnownFileType = sourcecode.swift; path = UserCell.swift; sourceTree = "<group>"; };
		CBFBB0B54A53506F047461EB /* Pods-gameofchats.release.xcconfig */ = {isa = PBXFileReference; includeInIndex = 1; lastKnownFileType = text.xcconfig; name = "Pods-gameofchats.release.xcconfig"; path = "Pods/Target Support Files/Pods-gameofchats/Pods-gameofchats.release.xcconfig"; sourceTree = "<group>"; };
/* End PBXFileReference section */

/* Begin PBXFrameworksBuildPhase section */
		4F0144F11E301F0800F35662 /* Frameworks */ = {
			isa = PBXFrameworksBuildPhase;
			buildActionMask = 2147483647;
			files = (
				EB4E7A180D315EA6DA40F00C /* Pods_gameofchats.framework in Frameworks */,
			);
			runOnlyForDeploymentPostprocessing = 0;
		};
/* End PBXFrameworksBuildPhase section */

/* Begin PBXGroup section */
		4F0144EB1E301F0800F35662 = {
			isa = PBXGroup;
			children = (
				4F0144F61E301F0800F35662 /* gameofchats */,
				4F0144F51E301F0800F35662 /* Products */,
				536B1CCFA44F163CAB05FEA4 /* Pods */,
				7FAE45B886D6228FA59CF105 /* Frameworks */,
			);
			sourceTree = "<group>";
		};
		4F0144F51E301F0800F35662 /* Products */ = {
			isa = PBXGroup;
			children = (
				4F0144F41E301F0800F35662 /* gameofchats.app */,
			);
			name = Products;
			sourceTree = "<group>";
		};
		4F0144F61E301F0800F35662 /* gameofchats */ = {
			isa = PBXGroup;
			children = (
				4F0145131E3124B300F35662 /* gameofchats.entitlements */,
				4F0145101E3122BE00F35662 /* Model */,
				4F1527661E32EB95005279E0 /* View */,
				4F0145091E30219D00F35662 /* Controller */,
				4F0145161E31668A00F35662 /* Helpers */,
				4F0144F71E301F0800F35662 /* AppDelegate.swift */,
				4F0144FB1E301F0800F35662 /* Main.storyboard */,
				4F0144FE1E301F0800F35662 /* Assets.xcassets */,
				4F0145001E301F0800F35662 /* LaunchScreen.storyboard */,
				4F0145031E301F0800F35662 /* Info.plist */,
				4F01450C1E304C8000F35662 /* GoogleService-Info.plist */,
			);
			path = gameofchats;
			sourceTree = "<group>";
		};
		4F0145091E30219D00F35662 /* Controller */ = {
			isa = PBXGroup;
			children = (
				4F01450A1E3021BF00F35662 /* LoginController.swift */,
				4F0144F91E301F0800F35662 /* MessagesController.swift */,
				4F01450E1E311F1C00F35662 /* NewMessageController.swift */,
				4F0145141E313F2500F35662 /* LoginController+handlers.swift */,
				4F1527621E3293EE005279E0 /* ChatLogController.swift */,
			);
			name = Controller;
			sourceTree = "<group>";
		};
		4F0145101E3122BE00F35662 /* Model */ = {
			isa = PBXGroup;
			children = (
				4F0145111E3122D100F35662 /* User.swift */,
				4F1527641E32CF14005279E0 /* Message.swift */,
			);
			name = Model;
			sourceTree = "<group>";
		};
		4F0145161E31668A00F35662 /* Helpers */ = {
			isa = PBXGroup;
			children = (
				4F0145171E3166B300F35662 /* Extensions.swift */,
			);
			name = Helpers;
			sourceTree = "<group>";
		};
		4F1527661E32EB95005279E0 /* View */ = {
			isa = PBXGroup;
			children = (
				4F1527671E32EBB7005279E0 /* UserCell.swift */,
			);
			name = View;
			sourceTree = "<group>";
		};
		536B1CCFA44F163CAB05FEA4 /* Pods */ = {
			isa = PBXGroup;
			children = (
				4EE4B1BDE7F4342F7E6FA78A /* Pods-gameofchats.debug.xcconfig */,
				CBFBB0B54A53506F047461EB /* Pods-gameofchats.release.xcconfig */,
			);
			name = Pods;
			sourceTree = "<group>";
		};
		7FAE45B886D6228FA59CF105 /* Frameworks */ = {
			isa = PBXGroup;
			children = (
				25272643C32CAFAA22F7EB0F /* Pods_gameofchats.framework */,
			);
			name = Frameworks;
			sourceTree = "<group>";
		};
/* End PBXGroup section */

/* Begin PBXNativeTarget section */
		4F0144F31E301F0800F35662 /* gameofchats */ = {
			isa = PBXNativeTarget;
			buildConfigurationList = 4F0145061E301F0800F35662 /* Build configuration list for PBXNativeTarget "gameofchats" */;
			buildPhases = (
				3E88EDE4AD7A7EF0A4525B59 /* [CP] Check Pods Manifest.lock */,
				4F0144F01E301F0800F35662 /* Sources */,
				4F0144F11E301F0800F35662 /* Frameworks */,
				4F0144F21E301F0800F35662 /* Resources */,
				CA3008CAE3677E4B47DB46A3 /* [CP] Embed Pods Frameworks */,
				4B33CA57DD76B54A43021FF2 /* [CP] Copy Pods Resources */,
			);
			buildRules = (
			);
			dependencies = (
			);
			name = gameofchats;
			productName = gameofchats;
			productReference = 4F0144F41E301F0800F35662 /* gameofchats.app */;
			productType = "com.apple.product-type.application";
		};
/* End PBXNativeTarget section */

/* Begin PBXProject section */
		4F0144EC1E301F0800F35662 /* Project object */ = {
			isa = PBXProject;
			attributes = {
				LastSwiftUpdateCheck = 0820;
				LastUpgradeCheck = 0820;
				ORGANIZATIONNAME = afbdev;
				TargetAttributes = {
					4F0144F31E301F0800F35662 = {
						CreatedOnToolsVersion = 8.2.1;
						DevelopmentTeam = 85PB5L2AC9;
						ProvisioningStyle = Automatic;
						SystemCapabilities = {
							com.apple.Keychain = {
								enabled = 1;
							};
						};
					};
				};
			};
			buildConfigurationList = 4F0144EF1E301F0800F35662 /* Build configuration list for PBXProject "gameofchats" */;
			compatibilityVersion = "Xcode 3.2";
			developmentRegion = English;
			hasScannedForEncodings = 0;
			knownRegions = (
				en,
				Base,
			);
			mainGroup = 4F0144EB1E301F0800F35662;
			productRefGroup = 4F0144F51E301F0800F35662 /* Products */;
			projectDirPath = "";
			projectRoot = "";
			targets = (
				4F0144F31E301F0800F35662 /* gameofchats */,
			);
		};
/* End PBXProject section */

/* Begin PBXResourcesBuildPhase section */
		4F0144F21E301F0800F35662 /* Resources */ = {
			isa = PBXResourcesBuildPhase;
			buildActionMask = 2147483647;
			files = (
				4F0145021E301F0800F35662 /* LaunchScreen.storyboard in Resources */,
				4F01450D1E304C8000F35662 /* GoogleService-Info.plist in Resources */,
				4F0144FF1E301F0800F35662 /* Assets.xcassets in Resources */,
				4F0144FD1E301F0800F35662 /* Main.storyboard in Resources */,
			);
			runOnlyForDeploymentPostprocessing = 0;
		};
/* End PBXResourcesBuildPhase section */

/* Begin PBXShellScriptBuildPhase section */
		3E88EDE4AD7A7EF0A4525B59 /* [CP] Check Pods Manifest.lock */ = {
			isa = PBXShellScriptBuildPhase;
			buildActionMask = 2147483647;
			files = (
			);
			inputPaths = (
			);
			name = "[CP] Check Pods Manifest.lock";
			outputPaths = (
			);
			runOnlyForDeploymentPostprocessing = 0;
			shellPath = /bin/sh;
			shellScript = "diff \"${PODS_ROOT}/../Podfile.lock\" \"${PODS_ROOT}/Manifest.lock\" > /dev/null\nif [ $? != 0 ] ; then\n    # print error to STDERR\n    echo \"error: The sandbox is not in sync with the Podfile.lock. Run 'pod install' or update your CocoaPods installation.\" >&2\n    exit 1\nfi\n";
			showEnvVarsInLog = 0;
		};
		4B33CA57DD76B54A43021FF2 /* [CP] Copy Pods Resources */ = {
			isa = PBXShellScriptBuildPhase;
			buildActionMask = 2147483647;
			files = (
			);
			inputPaths = (
			);
			name = "[CP] Copy Pods Resources";
			outputPaths = (
			);
			runOnlyForDeploymentPostprocessing = 0;
			shellPath = /bin/sh;
			shellScript = "\"${SRCROOT}/Pods/Target Support Files/Pods-gameofchats/Pods-gameofchats-resources.sh\"\n";
			showEnvVarsInLog = 0;
		};
		CA3008CAE3677E4B47DB46A3 /* [CP] Embed Pods Frameworks */ = {
			isa = PBXShellScriptBuildPhase;
			buildActionMask = 2147483647;
			files = (
			);
			inputPaths = (
			);
			name = "[CP] Embed Pods Frameworks";
			outputPaths = (
			);
			runOnlyForDeploymentPostprocessing = 0;
			shellPath = /bin/sh;
			shellScript = "\"${SRCROOT}/Pods/Target Support Files/Pods-gameofchats/Pods-gameofchats-frameworks.sh\"\n";
			showEnvVarsInLog = 0;
		};
/* End PBXShellScriptBuildPhase section */

/* Begin PBXSourcesBuildPhase section */
		4F0144F01E301F0800F35662 /* Sources */ = {
			isa = PBXSourcesBuildPhase;
			buildActionMask = 2147483647;
			files = (
				4F1527631E3293EE005279E0 /* ChatLogController.swift in Sources */,
				4F01450F1E311F1C00F35662 /* NewMessageController.swift in Sources */,
				4F0144FA1E301F0800F35662 /* MessagesController.swift in Sources */,
				4F1527651E32CF14005279E0 /* Message.swift in Sources */,
				4F0145151E313F2500F35662 /* LoginController+handlers.swift in Sources */,
				4F01450B1E3021BF00F35662 /* LoginController.swift in Sources */,
				4F0145121E3122D100F35662 /* User.swift in Sources */,
				4F0144F81E301F0800F35662 /* AppDelegate.swift in Sources */,
				4F1527681E32EBB7005279E0 /* UserCell.swift in Sources */,
				4F0145181E3166B300F35662 /* Extensions.swift in Sources */,
			);
			runOnlyForDeploymentPostprocessing = 0;
		};
/* End PBXSourcesBuildPhase section */

/* Begin PBXVariantGroup section */
		4F0144FB1E301F0800F35662 /* Main.storyboard */ = {
			isa = PBXVariantGroup;
			children = (
				4F0144FC1E301F0800F35662 /* Base */,
			);
			name = Main.storyboard;
			sourceTree = "<group>";
		};
		4F0145001E301F0800F35662 /* LaunchScreen.storyboard */ = {
			isa = PBXVariantGroup;
			children = (
				4F0145011E301F0800F35662 /* Base */,
			);
			name = LaunchScreen.storyboard;
			sourceTree = "<group>";
		};
/* End PBXVariantGroup section */

/* Begin XCBuildConfiguration section */
		4F0145041E301F0800F35662 /* Debug */ = {
			isa = XCBuildConfiguration;
			buildSettings = {
				ALWAYS_SEARCH_USER_PATHS = NO;
				CLANG_ANALYZER_NONNULL = YES;
				CLANG_CXX_LANGUAGE_STANDARD = "gnu++0x";
				CLANG_CXX_LIBRARY = "libc++";
				CLANG_ENABLE_MODULES = YES;
				CLANG_ENABLE_OBJC_ARC = YES;
				CLANG_WARN_BOOL_CONVERSION = YES;
				CLANG_WARN_CONSTANT_CONVERSION = YES;
				CLANG_WARN_DIRECT_OBJC_ISA_USAGE = YES_ERROR;
				CLANG_WARN_DOCUMENTATION_COMMENTS = YES;
				CLANG_WARN_EMPTY_BODY = YES;
				CLANG_WARN_ENUM_CONVERSION = YES;
				CLANG_WARN_INFINITE_RECURSION = YES;
				CLANG_WARN_INT_CONVERSION = YES;
				CLANG_WARN_OBJC_ROOT_CLASS = YES_ERROR;
				CLANG_WARN_SUSPICIOUS_MOVE = YES;
				CLANG_WARN_UNREACHABLE_CODE = YES;
				CLANG_WARN__DUPLICATE_METHOD_MATCH = YES;
				"CODE_SIGN_IDENTITY[sdk=iphoneos*]" = "iPhone Developer";
				COPY_PHASE_STRIP = NO;
				DEBUG_INFORMATION_FORMAT = dwarf;
				ENABLE_STRICT_OBJC_MSGSEND = YES;
				ENABLE_TESTABILITY = YES;
				GCC_C_LANGUAGE_STANDARD = gnu99;
				GCC_DYNAMIC_NO_PIC = NO;
				GCC_NO_COMMON_BLOCKS = YES;
				GCC_OPTIMIZATION_LEVEL = 0;
				GCC_PREPROCESSOR_DEFINITIONS = (
					"DEBUG=1",
					"$(inherited)",
				);
				GCC_WARN_64_TO_32_BIT_CONVERSION = YES;
				GCC_WARN_ABOUT_RETURN_TYPE = YES_ERROR;
				GCC_WARN_UNDECLARED_SELECTOR = YES;
				GCC_WARN_UNINITIALIZED_AUTOS = YES_AGGRESSIVE;
				GCC_WARN_UNUSED_FUNCTION = YES;
				GCC_WARN_UNUSED_VARIABLE = YES;
				IPHONEOS_DEPLOYMENT_TARGET = 10.2;
				MTL_ENABLE_DEBUG_INFO = YES;
				ONLY_ACTIVE_ARCH = YES;
				SDKROOT = iphoneos;
				SWIFT_ACTIVE_COMPILATION_CONDITIONS = DEBUG;
				SWIFT_OPTIMIZATION_LEVEL = "-Onone";
				TARGETED_DEVICE_FAMILY = "1,2";
			};
			name = Debug;
		};
		4F0145051E301F0800F35662 /* Release */ = {
			isa = XCBuildConfiguration;
			buildSettings = {
				ALWAYS_SEARCH_USER_PATHS = NO;
				CLANG_ANALYZER_NONNULL = YES;
				CLANG_CXX_LANGUAGE_STANDARD = "gnu++0x";
				CLANG_CXX_LIBRARY = "libc++";
				CLANG_ENABLE_MODULES = YES;
				CLANG_ENABLE_OBJC_ARC = YES;
				CLANG_WARN_BOOL_CONVERSION = YES;
				CLANG_WARN_CONSTANT_CONVERSION = YES;
				CLANG_WARN_DIRECT_OBJC_ISA_USAGE = YES_ERROR;
				CLANG_WARN_DOCUMENTATION_COMMENTS = YES;
				CLANG_WARN_EMPTY_BODY = YES;
				CLANG_WARN_ENUM_CONVERSION = YES;
				CLANG_WARN_INFINITE_RECURSION = YES;
				CLANG_WARN_INT_CONVERSION = YES;
				CLANG_WARN_OBJC_ROOT_CLASS = YES_ERROR;
				CLANG_WARN_SUSPICIOUS_MOVE = YES;
				CLANG_WARN_UNREACHABLE_CODE = YES;
				CLANG_WARN__DUPLICATE_METHOD_MATCH = YES;
				"CODE_SIGN_IDENTITY[sdk=iphoneos*]" = "iPhone Developer";
				COPY_PHASE_STRIP = NO;
				DEBUG_INFORMATION_FORMAT = "dwarf-with-dsym";
				ENABLE_NS_ASSERTIONS = NO;
				ENABLE_STRICT_OBJC_MSGSEND = YES;
				GCC_C_LANGUAGE_STANDARD = gnu99;
				GCC_NO_COMMON_BLOCKS = YES;
				GCC_WARN_64_TO_32_BIT_CONVERSION = YES;
				GCC_WARN_ABOUT_RETURN_TYPE = YES_ERROR;
				GCC_WARN_UNDECLARED_SELECTOR = YES;
				GCC_WARN_UNINITIALIZED_AUTOS = YES_AGGRESSIVE;
				GCC_WARN_UNUSED_FUNCTION = YES;
				GCC_WARN_UNUSED_VARIABLE = YES;
				IPHONEOS_DEPLOYMENT_TARGET = 10.2;
				MTL_ENABLE_DEBUG_INFO = NO;
				SDKROOT = iphoneos;
				SWIFT_OPTIMIZATION_LEVEL = "-Owholemodule";
				TARGETED_DEVICE_FAMILY = "1,2";
				VALIDATE_PRODUCT = YES;
			};
			name = Release;
		};
		4F0145071E301F0800F35662 /* Debug */ = {
			isa = XCBuildConfiguration;
			baseConfigurationReference = 4EE4B1BDE7F4342F7E6FA78A /* Pods-gameofchats.debug.xcconfig */;
			buildSettings = {
				ASSETCATALOG_COMPILER_APPICON_NAME = AppIcon;
				CODE_SIGN_ENTITLEMENTS = gameofchats/gameofchats.entitlements;
				DEVELOPMENT_TEAM = 85PB5L2AC9;
				INFOPLIST_FILE = gameofchats/Info.plist;
				LD_RUNPATH_SEARCH_PATHS = "$(inherited) @executable_path/Frameworks";
				PRODUCT_BUNDLE_IDENTIFIER = com.afbdev.gameofchats;
				PRODUCT_NAME = "$(TARGET_NAME)";
				SWIFT_VERSION = 3.0;
			};
			name = Debug;
		};
		4F0145081E301F0800F35662 /* Release */ = {
			isa = XCBuildConfiguration;
			baseConfigurationReference = CBFBB0B54A53506F047461EB /* Pods-gameofchats.release.xcconfig */;
			buildSettings = {
				ASSETCATALOG_COMPILER_APPICON_NAME = AppIcon;
				CODE_SIGN_ENTITLEMENTS = gameofchats/gameofchats.entitlements;
				DEVELOPMENT_TEAM = 85PB5L2AC9;
				INFOPLIST_FILE = gameofchats/Info.plist;
				LD_RUNPATH_SEARCH_PATHS = "$(inherited) @executable_path/Frameworks";
				PRODUCT_BUNDLE_IDENTIFIER = com.afbdev.gameofchats;
				PRODUCT_NAME = "$(TARGET_NAME)";
				SWIFT_VERSION = 3.0;
			};
			name = Release;
		};
/* End XCBuildConfiguration section */

/* Begin XCConfigurationList section */
		4F0144EF1E301F0800F35662 /* Build configuration list for PBXProject "gameofchats" */ = {
			isa = XCConfigurationList;
			buildConfigurations = (
				4F0145041E301F0800F35662 /* Debug */,
				4F0145051E301F0800F35662 /* Release */,
			);
			defaultConfigurationIsVisible = 0;
			defaultConfigurationName = Release;
		};
		4F0145061E301F0800F35662 /* Build configuration list for PBXNativeTarget "gameofchats" */ = {
			isa = XCConfigurationList;
			buildConfigurations = (
				4F0145071E301F0800F35662 /* Debug */,
				4F0145081E301F0800F35662 /* Release */,
			);
			defaultConfigurationIsVisible = 0;
			defaultConfigurationName = Release;
		};
/* End XCConfigurationList section */
	};
	rootObject = 4F0144EC1E301F0800F35662 /* Project object */;
}
